{
  "repos": [
    {
      "name": "teach_claude_focal",
      "url": "git@github.com:PatrikLager/teach_claude_focal.git",
      "commit": "f556f4c11309d6c8ddd8338bf6e8a9c3d12319b4"
    },
    {
      "name": "daana-cli",
      "url": "git@github.com:daana-code/daana-cli.git",
      "commit": "c3d510ef8f01ebb7b82e130ef43cb405f989c60b"
    },
    {
      "name": "adventure-works-ddw",
      "url": "git@github.com:mattiasthalen/adventure-works-ddw.git",
      "commit": "6d41203eb5bdd46d2a0f2e59a32e6059cb8a2907"
    }
  ]
}
